{
  "name": "@nlib/stream-tap",
  "version": "0.1.0",
  "lockfileVersion": 1,
  "requires": true,
  "dependencies": {
    "@nlib/human-readable": {
      "version": "1.0.1",
      "resolved": "https://registry.npmjs.org/@nlib/human-readable/-/human-readable-1.0.1.tgz",
      "integrity": "sha512-9tgBDwIIbDxouEjhqb/q3bVmYU3RCH6I5AtdOPBZmj2ML/W1i/4tLQ23iy5hIFgwoRIg66Kt280COHvwoW1+fA==",
      "dev": true
    },
    "@nlib/lint": {
      "version": "2.2.1",
      "resolved": "https://registry.npmjs.org/@nlib/lint/-/lint-2.2.1.tgz",
      "integrity": "sha1-aWb55cNrWX9IHj4aGz+65uqztoY=",
      "dev": true
    },
    "@nlib/test": {
      "version": "1.2.0",
      "resolved": "https://registry.npmjs.org/@nlib/test/-/test-1.2.0.tgz",
      "integrity": "sha512-DZW366+6jim63WsaAsxvzz9EXkPWPCwd8QRKjB9t9Ez6DcVw5i5oRSW6xJROdZGzoX7yH/9z5rC5xo3FkMsAzw==",
      "dev": true,
      "requires": {
        "@nlib/human-readable": "1.0.1"
      }
    }
  }
}
